{
  "name": "reverse-proxy",
  "version": "0.0.0",
  "lockfileVersion": 2,
  "requires": true,
  "packages": {
    "": {
      "version": "0.0.0",
      "license": "MIT",
      "dependencies": {
        "anstyle": "^1.0.0"
      },
      "devDependencies": {},
      "engines": {
        "node": ">=16"
      }
    },
    "node_modules/anstyle": {
      "version": "1.0.0",
      "resolved": "https://registry.npmjs.org/anstyle/-/anstyle-1.0.0.tgz",
      "integrity": "sha512-EAre8UlZbUHqC7zgR2xrFNcVHhxkxobDZoNFOsbUYgl4GMm6n+h0hWCIzhFQH7F8E5Zeb1iDZjcCAicPbXBkXg==",
      "engines": {
        "node": ">=16"
      }
    }
  },
  "dependencies": {
    "anstyle": {
      "version": "1.0.0",
      "resolved": "https://registry.npmjs.org/anstyle/-/anstyle-1.0.0.tgz",
      "integrity": "sha512-EAre8UlZbUHqC7zgR2xrFNcVHhxkxobDZoNFOsbUYgl4GMm6n+h0hWCIzhFQH7F8E5Zeb1iDZjcCAicPbXBkXg=="
    }
  }
}
